<?xml version="1.0" encoding="UTF-8" standalone="yes" ?>
<CodeBlocks_project_file>
	<FileVersion major="1" minor="6" />
	<Project>
		<Option title="vdrift" />
		<Option pch_mode="2" />
		<Option compiler="gcc" />
		<Build>
			<Target title="Debug">
				<Option output="..\..\vdriftd" prefix_auto="1" extension_auto="1" />
				<Option working_dir="..\..\" />
				<Option object_output="obj\Debug" />
				<Option type="1" />
				<Option compiler="gcc" />
				<Option use_console_runner="0" />
				<Compiler>
					<Add option="-g" />
					<Add option="-DDEBUG" />
				</Compiler>
				<Linker>
					<Add library="libbulletd" />
				</Linker>
			</Target>
			<Target title="Release">
				<Option output="..\..\vdrift" prefix_auto="1" extension_auto="1" />
				<Option working_dir="..\..\" />
				<Option object_output="obj\Release" />
				<Option type="1" />
				<Option compiler="gcc" />
				<Compiler>
					<Add option="-O3" />
					<Add option="-march=native" />
				</Compiler>
				<Linker>
					<Add library="libbullet" />
				</Linker>
			</Target>
		</Build>
		<Compiler>
			<Add option="-Wall" />
			<Add option="-fexceptions" />
			<Add option="-mwindows" />
			<Add directory="include" />
			<Add directory="bullet" />
			<Add directory="..\..\include" />
			<Add directory="..\..\src" />
		</Compiler>
		<Linker>
			<Add option="-static-libgcc" />
			<Add library="opengl32" />
			<Add library="glu32" />
			<Add library="glew32" />
			<Add library="mingw32" />
			<Add library="SDLmain" />
			<Add library="SDL" />
			<Add library="SDL_image" />
			<Add library="SDL_gfx" />
			<Add library="wsock32" />
			<Add library="ws2_32" />
			<Add library="vorbisfile" />
			<Add library="libcurl" />
			<Add directory="lib" />
			<Add directory="dll" />
		</Linker>
		<ExtraCommands>
			<Add before='cmd /c &quot;if not exist ..\..\include\definitions.h. (echo #ifndef _DEFINITIONS_H&gt; ..\..\include\definitions.h &amp;&amp; echo #define _DEFINITIONS_H&gt;&gt; ..\..\include\definitions.h &amp;&amp; echo #define SETTINGS_DIR &quot;.vdrift&quot;&gt;&gt; ..\..\include\definitions.h &amp;&amp; echo #define DATA_DIR &quot;./data&quot;&gt;&gt; ..\..\include\definitions.h &amp;&amp; echo #define VERSION &quot;$(TODAY)&quot;&gt;&gt; ..\..\include\definitions.h &amp;&amp; echo #define REVISION &quot;latest&quot;&gt;&gt; ..\..\include\definitions.h &amp;&amp; echo #endif&gt;&gt; ..\..\include\definitions.h)&quot;' />
			<Add after="xcopy /d /y dll\*.dll ..\..\" />
		</ExtraCommands>
		<Unit filename="..\..\include\aabb.h" />
		<Unit filename="..\..\include\aabb_space_partitioning.h" />
		<Unit filename="..\..\include\ai.h" />
		<Unit filename="..\..\include\bezier.h" />
		<Unit filename="..\..\include\bucketed_hashmap.h" />
		<Unit filename="..\..\include\camera.h" />
		<Unit filename="..\..\include\camera_chase.h" />
		<Unit filename="..\..\include\camera_fixed.h" />
		<Unit filename="..\..\include\camera_free.h" />
		<Unit filename="..\..\include\camera_mount.h" />
		<Unit filename="..\..\include\camera_orbit.h" />
		<Unit filename="..\..\include\camera_simplemount.h" />
		<Unit filename="..\..\include\camera_system.h" />
		<Unit filename="..\..\include\car.h" />
		<Unit filename="..\..\include\caraerodynamicdevice.h" />
		<Unit filename="..\..\include\carbrake.h" />
		<Unit filename="..\..\include\carclutch.h" />
		<Unit filename="..\..\include\carcontrolmap_local.h" />
		<Unit filename="..\..\include\cardifferential.h" />
		<Unit filename="..\..\include\cardynamics.h" />
		<Unit filename="..\..\include\carengine.h" />
		<Unit filename="..\..\include\carfueltank.h" />
		<Unit filename="..\..\include\carinput.h" />
		<Unit filename="..\..\include\carsuspension.h" />
		<Unit filename="..\..\include\cartelemetry.h" />
		<Unit filename="..\..\include\cartire.h" />
		<Unit filename="..\..\include\cartransmission.h" />
		<Unit filename="..\..\include\carwheel.h" />
		<Unit filename="..\..\include\carwheelposition.h" />
		<Unit filename="..\..\include\collision_contact.h" />
		<Unit filename="..\..\include\config.h" />
		<Unit filename="..\..\include\containeralgorithm.h" />
		<Unit filename="..\..\include\coordinatesystem.h" />
		<Unit filename="..\..\include\crashdetection.h" />
		<Unit filename="..\..\include\definitions.h" />
		<Unit filename="..\..\include\derived.h" />
		<Unit filename="..\..\include\downloadable.h" />
		<Unit filename="..\..\include\drawable.h" />
		<Unit filename="..\..\include\drawable_container.h" />
		<Unit filename="..\..\include\driveshaft.h" />
		<Unit filename="..\..\include\dynamicsworld.h" />
		<Unit filename="..\..\include\endian_utility.h" />
		<Unit filename="..\..\include\enginesoundinfo.h" />
		<Unit filename="..\..\include\eventsystem.h" />
		<Unit filename="..\..\include\fbobject.h" />
		<Unit filename="..\..\include\fbtexture.h" />
		<Unit filename="..\..\include\font.h" />
		<Unit filename="..\..\include\forcefeedback.h" />
		<Unit filename="..\..\include\fracturebody.h" />
		<Unit filename="..\..\include\frustum.h" />
		<Unit filename="..\..\include\game.h" />
		<Unit filename="..\..\include\glstatemanager.h" />
		<Unit filename="..\..\include\graphics_config.h" />
		<Unit filename="..\..\include\graphics_config_condition.h" />
		<Unit filename="..\..\include\graphics_fallback.h" />
		<Unit filename="..\..\include\graphics_gl3v.h" />
		<Unit filename="..\..\include\graphics_interface.h" />
		<Unit filename="..\..\include\graphics_renderers.h" />
		<Unit filename="..\..\include\gui.h" />
		<Unit filename="..\..\include\guioption.h" />
		<Unit filename="..\..\include\guipage.h" />
		<Unit filename="..\..\include\http.h" />
		<Unit filename="..\..\include\hud.h" />
		<Unit filename="..\..\include\inputgraph.h" />
		<Unit filename="..\..\include\joepack.h" />
		<Unit filename="..\..\include\joeserialize.h" />
		<Unit filename="..\..\include\k1999.h" />
		<Unit filename="..\..\include\keyed_container.h" />
		<Unit filename="..\..\include\linearframe.h" />
		<Unit filename="..\..\include\linearinterp.h" />
		<Unit filename="..\..\include\loadcollisionshape.h" />
		<Unit filename="..\..\include\loadingscreen.h" />
		<Unit filename="..\..\include\logging.h" />
		<Unit filename="..\..\include\macros.h" />
		<Unit filename="..\..\include\manager.h" />
		<Unit filename="..\..\include\mathplane.h" />
		<Unit filename="..\..\include\mathvector.h" />
		<Unit filename="..\..\include\matrix3.h" />
		<Unit filename="..\..\include\matrix4.h" />
		<Unit filename="..\..\include\mesh_gen.h" />
		<Unit filename="..\..\include\model.h" />
		<Unit filename="..\..\include\model_joe03.h" />
		<Unit filename="..\..\include\model_obj.h" />
		<Unit filename="..\..\include\modelmanager.h" />
		<Unit filename="..\..\include\motionstate.h" />
		<Unit filename="..\..\include\numprocessors.h" />
		<Unit filename="..\..\include\opengl_utility.h" />
		<Unit filename="..\..\include\optional.h" />
		<Unit filename="..\..\include\pairsort.h" />
		<Unit filename="..\..\include\parallel_task.h" />
		<Unit filename="..\..\include\particle.h" />
		<Unit filename="..\..\include\pathmanager.h" />
		<Unit filename="..\..\include\performance_testing.h" />
		<Unit filename="..\..\include\quaternion.h" />
		<Unit filename="..\..\include\quickmp.h" />
		<Unit filename="..\..\include\quickprof.h" />
		<Unit filename="..\..\include\random.h" />
		<Unit filename="..\..\include\rendermodelext_drawable.h" />
		<Unit filename="..\..\include\replay.h" />
		<Unit filename="..\..\include\reseatable_reference.h" />
		<Unit filename="..\..\include\rigidbody.h" />
		<Unit filename="..\..\include\roadpatch.h" />
		<Unit filename="..\..\include\roadstrip.h" />
		<Unit filename="..\..\include\rotationalframe.h" />
		<Unit filename="..\..\include\scenenode.h" />
		<Unit filename="..\..\include\settings.h" />
		<Unit filename="..\..\include\shader.h" />
		<Unit filename="..\..\include\signalprocessing.h" />
		<Unit filename="..\..\include\simpletree.h" />
		<Unit filename="..\..\include\sound.h" />
		<Unit filename="..\..\include\soundbuffer.h" />
		<Unit filename="..\..\include\soundfilter.h" />
		<Unit filename="..\..\include\soundinfo.h" />
		<Unit filename="..\..\include\soundmanager.h" />
		<Unit filename="..\..\include\soundsource.h" />
		<Unit filename="..\..\include\spline.h" />
		<Unit filename="..\..\include\sprite2d.h" />
		<Unit filename="..\..\include\staticdrawables.h" />
		<Unit filename="..\..\include\suspensionbumpdetection.h" />
		<Unit filename="..\..\include\svn_sourceforge.h" />
		<Unit filename="..\..\include\text_draw.h" />
		<Unit filename="..\..\include\texture.h" />
		<Unit filename="..\..\include\texture_interface.h" />
		<Unit filename="..\..\include\textureinfo.h" />
		<Unit filename="..\..\include\texturemanager.h" />
		<Unit filename="..\..\include\timer.h" />
		<Unit filename="..\..\include\tobullet.h" />
		<Unit filename="..\..\include\toggle.h" />
		<Unit filename="..\..\include\track.h" />
		<Unit filename="..\..\include\trackloader.h" />
		<Unit filename="..\..\include\trackmap.h" />
		<Unit filename="..\..\include\tracksurface.h" />
		<Unit filename="..\..\include\transform.h" />
		<Unit filename="..\..\include\unittest.h" />
		<Unit filename="..\..\include\unordered_map.h" />
		<Unit filename="..\..\include\utils.h" />
		<Unit filename="..\..\include\vertexarray.h" />
		<Unit filename="..\..\include\vertexattribs.h" />
		<Unit filename="..\..\include\widget.h" />
		<Unit filename="..\..\include\widget_button.h" />
		<Unit filename="..\..\include\widget_colorpicker.h" />
		<Unit filename="..\..\include\widget_controlgrab.h" />
		<Unit filename="..\..\include\widget_doublestringwheel.h" />
		<Unit filename="..\..\include\widget_image.h" />
		<Unit filename="..\..\include\widget_label.h" />
		<Unit filename="..\..\include\widget_multiimage.h" />
		<Unit filename="..\..\include\widget_slider.h" />
		<Unit filename="..\..\include\widget_spinningcar.h" />
		<Unit filename="..\..\include\widget_stringwheel.h" />
		<Unit filename="..\..\include\widget_toggle.h" />
		<Unit filename="..\..\include\window.h" />
		<Unit filename="..\..\src\aabb.cpp" />
		<Unit filename="..\..\src\aabb_space_partitioning.cpp" />
		<Unit filename="..\..\src\ai.cpp" />
		<Unit filename="..\..\src\bezier.cpp" />
		<Unit filename="..\..\src\camera_chase.cpp" />
		<Unit filename="..\..\src\camera_fixed.cpp" />
		<Unit filename="..\..\src\camera_free.cpp" />
		<Unit filename="..\..\src\camera_mount.cpp" />
		<Unit filename="..\..\src\camera_orbit.cpp" />
		<Unit filename="..\..\src\camera_simplemount.cpp" />
		<Unit filename="..\..\src\camera_system.cpp" />
		<Unit filename="..\..\src\car.cpp" />
		<Unit filename="..\..\src\carcontrolmap_local.cpp" />
		<Unit filename="..\..\src\cardynamics.cpp" />
		<Unit filename="..\..\src\carengine.cpp" />
		<Unit filename="..\..\src\carsuspension.cpp" />
		<Unit filename="..\..\src\cartire.cpp" />
		<Unit filename="..\..\src\cfg\inf.cpp" />
		<Unit filename="..\..\src\cfg\ini.cpp" />
		<Unit filename="..\..\src\cfg\ptree.cpp" />
		<Unit filename="..\..\src\cfg\ptree.h" />
		<Unit filename="..\..\src\cfg\xml.cpp" />
		<Unit filename="..\..\src\config.cpp" />
		<Unit filename="..\..\src\containeralgorithm.cpp" />
		<Unit filename="..\..\src\crashdetection.cpp" />
		<Unit filename="..\..\src\downloadable.cpp" />
		<Unit filename="..\..\src\drawable.cpp" />
		<Unit filename="..\..\src\dynamicsworld.cpp" />
		<Unit filename="..\..\src\endian_utility.cpp" />
		<Unit filename="..\..\src\eventsystem.cpp" />
		<Unit filename="..\..\src\fbobject.cpp" />
		<Unit filename="..\..\src\fbtexture.cpp" />
		<Unit filename="..\..\src\font.cpp" />
		<Unit filename="..\..\src\forcefeedback.cpp" />
		<Unit filename="..\..\src\fracturebody.cpp" />
		<Unit filename="..\..\src\game.cpp" />
		<Unit filename="..\..\src\gl3v\glenums.h" />
		<Unit filename="..\..\src\gl3v\glwrapper.cpp" />
		<Unit filename="..\..\src\gl3v\glwrapper.h" />
		<Unit filename="..\..\src\gl3v\rendercachevector.h" />
		<Unit filename="..\..\src\gl3v\renderdimensions.cpp" />
		<Unit filename="..\..\src\gl3v\renderdimensions.h" />
		<Unit filename="..\..\src\gl3v\renderer.cpp" />
		<Unit filename="..\..\src\gl3v\renderer.h" />
		<Unit filename="..\..\src\gl3v\rendermodel.h" />
		<Unit filename="..\..\src\gl3v\rendermodelentry.h" />
		<Unit filename="..\..\src\gl3v\rendermodelext.h" />
		<Unit filename="..\..\src\gl3v\renderpass.cpp" />
		<Unit filename="..\..\src\gl3v\renderpass.h" />
		<Unit filename="..\..\src\gl3v\renderpassinfo.h" />
		<Unit filename="..\..\src\gl3v\rendersampler.cpp" />
		<Unit filename="..\..\src\gl3v\rendersampler.h" />
		<Unit filename="..\..\src\gl3v\rendershader.h" />
		<Unit filename="..\..\src\gl3v\renderstate.cpp" />
		<Unit filename="..\..\src\gl3v\renderstate.h" />
		<Unit filename="..\..\src\gl3v\renderstatusverbosity.h" />
		<Unit filename="..\..\src\gl3v\rendertexture.h" />
		<Unit filename="..\..\src\gl3v\rendertextureentry.h" />
		<Unit filename="..\..\src\gl3v\renderuniform.h" />
		<Unit filename="..\..\src\gl3v\renderuniformentry.h" />
		<Unit filename="..\..\src\gl3v\renderuniformvector.h" />
		<Unit filename="..\..\src\gl3v\stringidmap.h" />
		<Unit filename="..\..\src\graphics_config.cpp" />
		<Unit filename="..\..\src\graphics_config_condition.cpp" />
		<Unit filename="..\..\src\graphics_fallback.cpp" />
		<Unit filename="..\..\src\graphics_gl3v.cpp" />
		<Unit filename="..\..\src\graphics_renderers.cpp" />
		<Unit filename="..\..\src\gui.cpp" />
		<Unit filename="..\..\src\guioption.cpp" />
		<Unit filename="..\..\src\guipage.cpp" />
		<Unit filename="..\..\src\http.cpp" />
		<Unit filename="..\..\src\hud.cpp" />
		<Unit filename="..\..\src\joepack.cpp" />
		<Unit filename="..\..\src\joeserialize.cpp" />
		<Unit filename="..\..\src\k1999.cpp" />
		<Unit filename="..\..\src\keyed_container.cpp" />
		<Unit filename="..\..\src\linearframe.cpp" />
		<Unit filename="..\..\src\linearinterp.cpp" />
		<Unit filename="..\..\src\loadcollisionshape.cpp" />
		<Unit filename="..\..\src\loadingscreen.cpp" />
		<Unit filename="..\..\src\main.cpp" />
		<Unit filename="..\..\src\mathplane.cpp" />
		<Unit filename="..\..\src\mathvector.cpp" />
		<Unit filename="..\..\src\matrix4.cpp" />
		<Unit filename="..\..\src\mesh_gen.cpp" />
		<Unit filename="..\..\src\model.cpp" />
		<Unit filename="..\..\src\model_joe03.cpp" />
		<Unit filename="..\..\src\model_obj.cpp" />
		<Unit filename="..\..\src\modelmanager.cpp" />
		<Unit filename="..\..\src\opengl_utility.cpp" />
		<Unit filename="..\..\src\optional.cpp" />
		<Unit filename="..\..\src\parallel_task.cpp" />
		<Unit filename="..\..\src\particle.cpp" />
		<Unit filename="..\..\src\pathmanager.cpp" />
		<Unit filename="..\..\src\performance_testing.cpp" />
		<Unit filename="..\..\src\quaternion.cpp" />
		<Unit filename="..\..\src\random.cpp" />
		<Unit filename="..\..\src\rendermodelext_drawable.cpp" />
		<Unit filename="..\..\src\replay.cpp" />
		<Unit filename="..\..\src\reseatable_reference.cpp" />
		<Unit filename="..\..\src\rigidbody.cpp" />
		<Unit filename="..\..\src\roadpatch.cpp" />
		<Unit filename="..\..\src\roadstrip.cpp" />
		<Unit filename="..\..\src\rotationalframe.cpp" />
		<Unit filename="..\..\src\scenenode.cpp" />
		<Unit filename="..\..\src\settings.cpp" />
		<Unit filename="..\..\src\shader.cpp" />
		<Unit filename="..\..\src\sound.cpp" />
		<Unit filename="..\..\src\soundbuffer.cpp" />
		<Unit filename="..\..\src\soundfilter.cpp" />
		<Unit filename="..\..\src\soundmanager.cpp" />
		<Unit filename="..\..\src\soundsource.cpp" />
		<Unit filename="..\..\src\sprite2d.cpp" />
		<Unit filename="..\..\src\suspensionbumpdetection.cpp" />
		<Unit filename="..\..\src\svn_sourceforge.cpp" />
		<Unit filename="..\..\src\text_draw.cpp" />
		<Unit filename="..\..\src\texture.cpp" />
		<Unit filename="..\..\src\texturemanager.cpp" />
		<Unit filename="..\..\src\timer.cpp" />
		<Unit filename="..\..\src\toggle.cpp" />
		<Unit filename="..\..\src\track.cpp" />
		<Unit filename="..\..\src\trackloader.cpp" />
		<Unit filename="..\..\src\trackmap.cpp" />
		<Unit filename="..\..\src\utils.cpp" />
		<Unit filename="..\..\src\vertexarray.cpp" />
		<Unit filename="..\..\src\widget_button.cpp" />
		<Unit filename="..\..\src\widget_colorpicker.cpp" />
		<Unit filename="..\..\src\widget_controlgrab.cpp" />
		<Unit filename="..\..\src\widget_doublestringwheel.cpp" />
		<Unit filename="..\..\src\widget_image.cpp" />
		<Unit filename="..\..\src\widget_label.cpp" />
		<Unit filename="..\..\src\widget_multiimage.cpp" />
		<Unit filename="..\..\src\widget_slider.cpp" />
		<Unit filename="..\..\src\widget_spinningcar.cpp" />
		<Unit filename="..\..\src\widget_stringwheel.cpp" />
		<Unit filename="..\..\src\widget_toggle.cpp" />
		<Unit filename="..\..\src\window.cpp" />
		<Extensions>
			<code_completion />
			<envvars />
			<debugger />
			<lib_finder disable_auto="1" />
			<DoxyBlocks>
				<comment_style block="0" line="0" />
				<doxyfile_project />
				<doxyfile_build />
				<doxyfile_warnings />
				<doxyfile_output />
				<doxyfile_dot />
				<general />
			</DoxyBlocks>
		</Extensions>
	</Project>
</CodeBlocks_project_file>
